
Microsoft Visual Studio Solution File, Format Version 12.00
# Visual Studio Version 17
VisualStudioVersion = 17.11.35219.272
MinimumVisualStudioVersion = 10.0.40219.1
Project("{9A19103F-16F7-4668-BE54-9A1E7A4F7556}") = "MyERP", "MyERP\MyERP.csproj", "{A9C9542F-EE75-4462-AB1B-031C7F8DCCA5}"
EndProject
Project("{9A19103F-16F7-4668-BE54-9A1E7A4F7556}") = "LNE Unit test", "LNE Unit test\LNE Unit test.csproj", "{EABE0461-F211-4342-AFF2-BF3CA6DD2382}"
EndProject
Project("{9A19103F-16F7-4668-BE54-9A1E7A4F7556}") = "TECHCOOL", "..\TECHCOOL\TECHCOOL.csproj", "{31CCA679-5C51-411C-AA42-FDBD3B960CD9}"
EndProject
Global
	GlobalSection(SolutionConfigurationPlatforms) = preSolution
		Debug|Any CPU = Debug|Any CPU
		Release|Any CPU = Release|Any CPU
	EndGlobalSection
	GlobalSection(ProjectConfigurationPlatforms) = postSolution
		{A9C9542F-EE75-4462-AB1B-031C7F8DCCA5}.Debug|Any CPU.ActiveCfg = Debug|Any CPU
		{A9C9542F-EE75-4462-AB1B-031C7F8DCCA5}.Debug|Any CPU.Build.0 = Debug|Any CPU
		{A9C9542F-EE75-4462-AB1B-031C7F8DCCA5}.Release|Any CPU.ActiveCfg = Release|Any CPU
		{A9C9542F-EE75-4462-AB1B-031C7F8DCCA5}.Release|Any CPU.Build.0 = Release|Any CPU
		{EABE0461-F211-4342-AFF2-BF3CA6DD2382}.Debug|Any CPU.ActiveCfg = Debug|Any CPU
		{EABE0461-F211-4342-AFF2-BF3CA6DD2382}.Debug|Any CPU.Build.0 = Debug|Any CPU
		{EABE0461-F211-4342-AFF2-BF3CA6DD2382}.Release|Any CPU.ActiveCfg = Release|Any CPU
		{EABE0461-F211-4342-AFF2-BF3CA6DD2382}.Release|Any CPU.Build.0 = Release|Any CPU
		{31CCA679-5C51-411C-AA42-FDBD3B960CD9}.Debug|Any CPU.ActiveCfg = Debug|Any CPU
		{31CCA679-5C51-411C-AA42-FDBD3B960CD9}.Debug|Any CPU.Build.0 = Debug|Any CPU
		{31CCA679-5C51-411C-AA42-FDBD3B960CD9}.Release|Any CPU.ActiveCfg = Release|Any CPU
		{31CCA679-5C51-411C-AA42-FDBD3B960CD9}.Release|Any CPU.Build.0 = Release|Any CPU
	EndGlobalSection
	GlobalSection(SolutionProperties) = preSolution
		HideSolutionNode = FALSE
	EndGlobalSection
	GlobalSection(ExtensibilityGlobals) = postSolution
		SolutionGuid = {0B89F4A9-931D-4F72-AF3D-C066CE4E4910}
	EndGlobalSection
EndGlobal
